
Microsoft Visual Studio Solution File, Format Version 12.00
# Visual Studio Version 17
VisualStudioVersion = 17.10.35027.167
MinimumVisualStudioVersion = 10.0.40219.1
Project("{FAE04EC0-301F-11D3-BF4B-00C04F79EFBC}") = "LibraryManagement", "LibraryManagement.csproj", "{F99221D9-7BB1-491E-8362-4A0B75457B18}"
EndProject
Global
	GlobalSection(SolutionConfigurationPlatforms) = preSolution
		Debug|Any CPU = Debug|Any CPU
		Release|Any CPU = Release|Any CPU
	EndGlobalSection
	GlobalSection(ProjectConfigurationPlatforms) = postSolution
		{F99221D9-7BB1-491E-8362-4A0B75457B18}.Debug|Any CPU.ActiveCfg = Debug|Any CPU
		{F99221D9-7BB1-491E-8362-4A0B75457B18}.Debug|Any CPU.Build.0 = Debug|Any CPU
		{F99221D9-7BB1-491E-8362-4A0B75457B18}.Release|Any CPU.ActiveCfg = Release|Any CPU
		{F99221D9-7BB1-491E-8362-4A0B75457B18}.Release|Any CPU.Build.0 = Release|Any CPU
	EndGlobalSection
	GlobalSection(SolutionProperties) = preSolution
		HideSolutionNode = FALSE
	EndGlobalSection
	GlobalSection(ExtensibilityGlobals) = postSolution
		SolutionGuid = {6C9C3181-D326-452F-8F6A-6391D1040D45}
	EndGlobalSection
EndGlobal
